
Microsoft Visual Studio Solution File, Format Version 12.00
# Visual Studio Version 17
VisualStudioVersion = 17.12.35514.174
MinimumVisualStudioVersion = 10.0.40219.1
Project("{FAE04EC0-301F-11D3-BF4B-00C04F79EFBC}") = "Vrap.Database", "Vrap.Database.csproj", "{29F703C6-14EC-44AA-B3EF-B6B82197C38D}"
EndProject
Project("{FAE04EC0-301F-11D3-BF4B-00C04F79EFBC}") = "Vrap.Database.Migrations", "..\Vrap.Database.Migrations\Vrap.Database.Migrations.csproj", "{4A44C5AC-294D-4042-B048-DC713CC49BAB}"
EndProject
Global
	GlobalSection(SolutionConfigurationPlatforms) = preSolution
		Debug|Any CPU = Debug|Any CPU
		Release|Any CPU = Release|Any CPU
	EndGlobalSection
	GlobalSection(ProjectConfigurationPlatforms) = postSolution
		{29F703C6-14EC-44AA-B3EF-B6B82197C38D}.Debug|Any CPU.ActiveCfg = Debug|Any CPU
		{29F703C6-14EC-44AA-B3EF-B6B82197C38D}.Debug|Any CPU.Build.0 = Debug|Any CPU
		{29F703C6-14EC-44AA-B3EF-B6B82197C38D}.Release|Any CPU.ActiveCfg = Release|Any CPU
		{29F703C6-14EC-44AA-B3EF-B6B82197C38D}.Release|Any CPU.Build.0 = Release|Any CPU
		{4A44C5AC-294D-4042-B048-DC713CC49BAB}.Debug|Any CPU.ActiveCfg = Debug|Any CPU
		{4A44C5AC-294D-4042-B048-DC713CC49BAB}.Debug|Any CPU.Build.0 = Debug|Any CPU
		{4A44C5AC-294D-4042-B048-DC713CC49BAB}.Release|Any CPU.ActiveCfg = Release|Any CPU
		{4A44C5AC-294D-4042-B048-DC713CC49BAB}.Release|Any CPU.Build.0 = Release|Any CPU
	EndGlobalSection
	GlobalSection(SolutionProperties) = preSolution
		HideSolutionNode = FALSE
	EndGlobalSection
EndGlobal
