
Microsoft Visual Studio Solution File, Format Version 12.00
# Visual Studio Version 17
VisualStudioVersion = 17.0.31903.59
MinimumVisualStudioVersion = 10.0.40219.1
Project("{FAE04EC0-301F-11D3-BF4B-00C04F79EFBC}") = "MvcHelper.Generator", "MvcHelper.Generator\MvcHelper.Generator.csproj", "{53F74BEC-F312-4C57-92F9-C8E803D86711}"
EndProject
Project("{FAE04EC0-301F-11D3-BF4B-00C04F79EFBC}") = "MvcHelper.Generator.Test", "MvcHelper.Generator.Test\MvcHelper.Generator.Test.csproj", "{30115F01-38DD-4B3F-9F05-5540720AC309}"
EndProject
Project("{FAE04EC0-301F-11D3-BF4B-00C04F79EFBC}") = "Vrap.LifeLog.Web", "Vrap.LifeLog.Web\Vrap.LifeLog.Web.csproj", "{5D2BF900-84BD-49CE-B6C1-942F4B848C98}"
EndProject
Global
	GlobalSection(SolutionConfigurationPlatforms) = preSolution
		Debug|Any CPU = Debug|Any CPU
		Release|Any CPU = Release|Any CPU
	EndGlobalSection
	GlobalSection(ProjectConfigurationPlatforms) = postSolution
		{53F74BEC-F312-4C57-92F9-C8E803D86711}.Debug|Any CPU.ActiveCfg = Debug|Any CPU
		{53F74BEC-F312-4C57-92F9-C8E803D86711}.Debug|Any CPU.Build.0 = Debug|Any CPU
		{53F74BEC-F312-4C57-92F9-C8E803D86711}.Release|Any CPU.ActiveCfg = Release|Any CPU
		{53F74BEC-F312-4C57-92F9-C8E803D86711}.Release|Any CPU.Build.0 = Release|Any CPU
		{30115F01-38DD-4B3F-9F05-5540720AC309}.Debug|Any CPU.ActiveCfg = Debug|Any CPU
		{30115F01-38DD-4B3F-9F05-5540720AC309}.Debug|Any CPU.Build.0 = Debug|Any CPU
		{30115F01-38DD-4B3F-9F05-5540720AC309}.Release|Any CPU.ActiveCfg = Release|Any CPU
		{30115F01-38DD-4B3F-9F05-5540720AC309}.Release|Any CPU.Build.0 = Release|Any CPU
		{5D2BF900-84BD-49CE-B6C1-942F4B848C98}.Debug|Any CPU.ActiveCfg = Debug|Any CPU
		{5D2BF900-84BD-49CE-B6C1-942F4B848C98}.Debug|Any CPU.Build.0 = Debug|Any CPU
		{5D2BF900-84BD-49CE-B6C1-942F4B848C98}.Release|Any CPU.ActiveCfg = Release|Any CPU
		{5D2BF900-84BD-49CE-B6C1-942F4B848C98}.Release|Any CPU.Build.0 = Release|Any CPU
	EndGlobalSection
	GlobalSection(SolutionProperties) = preSolution
		HideSolutionNode = FALSE
	EndGlobalSection
EndGlobal
