
Microsoft Visual Studio Solution File, Format Version 12.00
# Visual Studio Version 17
VisualStudioVersion = 17.0.31903.59
MinimumVisualStudioVersion = 10.0.40219.1
Project("{FAE04EC0-301F-11D3-BF4B-00C04F79EFBC}") = "Vrap.Database", "Vrap.Database\Vrap.Database.csproj", "{00D63FB7-AF50-4410-9CDB-37D773AD7DF2}"
EndProject
Project("{FAE04EC0-301F-11D3-BF4B-00C04F79EFBC}") = "Vrap.Shared", "Vrap.Shared\Vrap.Shared.csproj", "{68D427D7-A901-4616-8DED-F59CC83C9619}"
EndProject
Project("{FAE04EC0-301F-11D3-BF4B-00C04F79EFBC}") = "Vrap.LifeLog.Web", "Vrap.LifeLog.Web\Vrap.LifeLog.Web.csproj", "{3D6D57B2-7245-4BC3-B4E2-4998A92F6C7F}"
EndProject
Global
	GlobalSection(SolutionConfigurationPlatforms) = preSolution
		Debug|Any CPU = Debug|Any CPU
		Release|Any CPU = Release|Any CPU
	EndGlobalSection
	GlobalSection(ProjectConfigurationPlatforms) = postSolution
		{00D63FB7-AF50-4410-9CDB-37D773AD7DF2}.Debug|Any CPU.ActiveCfg = Debug|Any CPU
		{00D63FB7-AF50-4410-9CDB-37D773AD7DF2}.Debug|Any CPU.Build.0 = Debug|Any CPU
		{00D63FB7-AF50-4410-9CDB-37D773AD7DF2}.Release|Any CPU.ActiveCfg = Release|Any CPU
		{00D63FB7-AF50-4410-9CDB-37D773AD7DF2}.Release|Any CPU.Build.0 = Release|Any CPU
		{68D427D7-A901-4616-8DED-F59CC83C9619}.Debug|Any CPU.ActiveCfg = Debug|Any CPU
		{68D427D7-A901-4616-8DED-F59CC83C9619}.Debug|Any CPU.Build.0 = Debug|Any CPU
		{68D427D7-A901-4616-8DED-F59CC83C9619}.Release|Any CPU.ActiveCfg = Release|Any CPU
		{68D427D7-A901-4616-8DED-F59CC83C9619}.Release|Any CPU.Build.0 = Release|Any CPU
		{3D6D57B2-7245-4BC3-B4E2-4998A92F6C7F}.Debug|Any CPU.ActiveCfg = Debug|Any CPU
		{3D6D57B2-7245-4BC3-B4E2-4998A92F6C7F}.Debug|Any CPU.Build.0 = Debug|Any CPU
		{3D6D57B2-7245-4BC3-B4E2-4998A92F6C7F}.Release|Any CPU.ActiveCfg = Release|Any CPU
		{3D6D57B2-7245-4BC3-B4E2-4998A92F6C7F}.Release|Any CPU.Build.0 = Release|Any CPU
	EndGlobalSection
	GlobalSection(SolutionProperties) = preSolution
		HideSolutionNode = FALSE
	EndGlobalSection
EndGlobal
